
Microsoft Visual Studio Solution File, Format Version 12.00
# Visual Studio Version 16
VisualStudioVersion = 16.0.29209.62
MinimumVisualStudioVersion = 10.0.40219.1
Project("{FAE04EC0-301F-11D3-BF4B-00C04F79EFBC}") = "CprBrokerNotificationReceiver", "CprBrokerNotificationReceiver\CprBrokerNotificationReceiver.csproj", "{564D5960-784E-4527-8C50-F12F8C3EB214}"
EndProject
Global
	GlobalSection(SolutionConfigurationPlatforms) = preSolution
		Debug|Any CPU = Debug|Any CPU
		Release|Any CPU = Release|Any CPU
	EndGlobalSection
	GlobalSection(ProjectConfigurationPlatforms) = postSolution
		{564D5960-784E-4527-8C50-F12F8C3EB214}.Debug|Any CPU.ActiveCfg = Debug|Any CPU
		{564D5960-784E-4527-8C50-F12F8C3EB214}.Debug|Any CPU.Build.0 = Debug|Any CPU
		{564D5960-784E-4527-8C50-F12F8C3EB214}.Release|Any CPU.ActiveCfg = Release|Any CPU
		{564D5960-784E-4527-8C50-F12F8C3EB214}.Release|Any CPU.Build.0 = Release|Any CPU
	EndGlobalSection
	GlobalSection(SolutionProperties) = preSolution
		HideSolutionNode = FALSE
	EndGlobalSection
	GlobalSection(ExtensibilityGlobals) = postSolution
		SolutionGuid = {F9D1035B-4847-4861-A08C-2DFEEB980BD4}
	EndGlobalSection
EndGlobal
